
Microsoft Visual Studio Solution File, Format Version 12.00
# Visual Studio Version 16
VisualStudioVersion = 16.0.30114.105
MinimumVisualStudioVersion = 10.0.40219.1
Project("{2150E333-8FDC-42A3-9474-1A3956D46DE8}") = "src", "src", "{BDDDBE4B-F854-499F-87E5-78915563F3EF}"
EndProject
Project("{2150E333-8FDC-42A3-9474-1A3956D46DE8}") = "core", "core", "{AB884BF8-C9F4-4765-820E-9BEAFE8B270D}"
EndProject
Project("{FAE04EC0-301F-11D3-BF4B-00C04F79EFBC}") = "Travel.Domain", "src\core\Travel.Domain\Travel.Domain.csproj", "{B982EA1E-122C-402D-B681-2F2BE26EF64B}"
EndProject
Project("{FAE04EC0-301F-11D3-BF4B-00C04F79EFBC}") = "Travel.Application", "src\core\Travel.Application\Travel.Application.csproj", "{1A876B4D-E0A7-4912-914E-22A99AAD5E4C}"
EndProject
Project("{2150E333-8FDC-42A3-9474-1A3956D46DE8}") = "infrastructure", "infrastructure", "{890D6332-208F-480C-90AA-AD89D20363B1}"
EndProject
Project("{FAE04EC0-301F-11D3-BF4B-00C04F79EFBC}") = "Travel.Data", "src\infrastructure\Travel.Data\Travel.Data.csproj", "{FD6DF014-C9B7-4DB6-B7DC-2495C795A8A2}"
EndProject
Project("{FAE04EC0-301F-11D3-BF4B-00C04F79EFBC}") = "Travel.Shared", "src\infrastructure\Travel.Shared\Travel.Shared.csproj", "{ADC6F187-F65C-4BF0-88BF-4D31CB074562}"
EndProject
Project("{2150E333-8FDC-42A3-9474-1A3956D46DE8}") = "presentation", "presentation", "{177E93B6-DA5F-4A04-AD7A-789B7974067A}"
EndProject
Project("{FAE04EC0-301F-11D3-BF4B-00C04F79EFBC}") = "Travel.WebApi", "src\presentation\Travel.WebApi\Travel.WebApi.csproj", "{01575828-E3DF-4301-8A69-A6C20B13285C}"
EndProject
Global
	GlobalSection(SolutionConfigurationPlatforms) = preSolution
		Debug|Any CPU = Debug|Any CPU
		Debug|x64 = Debug|x64
		Debug|x86 = Debug|x86
		Release|Any CPU = Release|Any CPU
		Release|x64 = Release|x64
		Release|x86 = Release|x86
	EndGlobalSection
	GlobalSection(SolutionProperties) = preSolution
		HideSolutionNode = FALSE
	EndGlobalSection
	GlobalSection(ProjectConfigurationPlatforms) = postSolution
		{B982EA1E-122C-402D-B681-2F2BE26EF64B}.Debug|Any CPU.ActiveCfg = Debug|Any CPU
		{B982EA1E-122C-402D-B681-2F2BE26EF64B}.Debug|Any CPU.Build.0 = Debug|Any CPU
		{B982EA1E-122C-402D-B681-2F2BE26EF64B}.Debug|x64.ActiveCfg = Debug|Any CPU
		{B982EA1E-122C-402D-B681-2F2BE26EF64B}.Debug|x64.Build.0 = Debug|Any CPU
		{B982EA1E-122C-402D-B681-2F2BE26EF64B}.Debug|x86.ActiveCfg = Debug|Any CPU
		{B982EA1E-122C-402D-B681-2F2BE26EF64B}.Debug|x86.Build.0 = Debug|Any CPU
		{B982EA1E-122C-402D-B681-2F2BE26EF64B}.Release|Any CPU.ActiveCfg = Release|Any CPU
		{B982EA1E-122C-402D-B681-2F2BE26EF64B}.Release|Any CPU.Build.0 = Release|Any CPU
		{B982EA1E-122C-402D-B681-2F2BE26EF64B}.Release|x64.ActiveCfg = Release|Any CPU
		{B982EA1E-122C-402D-B681-2F2BE26EF64B}.Release|x64.Build.0 = Release|Any CPU
		{B982EA1E-122C-402D-B681-2F2BE26EF64B}.Release|x86.ActiveCfg = Release|Any CPU
		{B982EA1E-122C-402D-B681-2F2BE26EF64B}.Release|x86.Build.0 = Release|Any CPU
		{1A876B4D-E0A7-4912-914E-22A99AAD5E4C}.Debug|Any CPU.ActiveCfg = Debug|Any CPU
		{1A876B4D-E0A7-4912-914E-22A99AAD5E4C}.Debug|Any CPU.Build.0 = Debug|Any CPU
		{1A876B4D-E0A7-4912-914E-22A99AAD5E4C}.Debug|x64.ActiveCfg = Debug|Any CPU
		{1A876B4D-E0A7-4912-914E-22A99AAD5E4C}.Debug|x64.Build.0 = Debug|Any CPU
		{1A876B4D-E0A7-4912-914E-22A99AAD5E4C}.Debug|x86.ActiveCfg = Debug|Any CPU
		{1A876B4D-E0A7-4912-914E-22A99AAD5E4C}.Debug|x86.Build.0 = Debug|Any CPU
		{1A876B4D-E0A7-4912-914E-22A99AAD5E4C}.Release|Any CPU.ActiveCfg = Release|Any CPU
		{1A876B4D-E0A7-4912-914E-22A99AAD5E4C}.Release|Any CPU.Build.0 = Release|Any CPU
		{1A876B4D-E0A7-4912-914E-22A99AAD5E4C}.Release|x64.ActiveCfg = Release|Any CPU
		{1A876B4D-E0A7-4912-914E-22A99AAD5E4C}.Release|x64.Build.0 = Release|Any CPU
		{1A876B4D-E0A7-4912-914E-22A99AAD5E4C}.Release|x86.ActiveCfg = Release|Any CPU
		{1A876B4D-E0A7-4912-914E-22A99AAD5E4C}.Release|x86.Build.0 = Release|Any CPU
		{FD6DF014-C9B7-4DB6-B7DC-2495C795A8A2}.Debug|Any CPU.ActiveCfg = Debug|Any CPU
		{FD6DF014-C9B7-4DB6-B7DC-2495C795A8A2}.Debug|Any CPU.Build.0 = Debug|Any CPU
		{FD6DF014-C9B7-4DB6-B7DC-2495C795A8A2}.Debug|x64.ActiveCfg = Debug|Any CPU
		{FD6DF014-C9B7-4DB6-B7DC-2495C795A8A2}.Debug|x64.Build.0 = Debug|Any CPU
		{FD6DF014-C9B7-4DB6-B7DC-2495C795A8A2}.Debug|x86.ActiveCfg = Debug|Any CPU
		{FD6DF014-C9B7-4DB6-B7DC-2495C795A8A2}.Debug|x86.Build.0 = Debug|Any CPU
		{FD6DF014-C9B7-4DB6-B7DC-2495C795A8A2}.Release|Any CPU.ActiveCfg = Release|Any CPU
		{FD6DF014-C9B7-4DB6-B7DC-2495C795A8A2}.Release|Any CPU.Build.0 = Release|Any CPU
		{FD6DF014-C9B7-4DB6-B7DC-2495C795A8A2}.Release|x64.ActiveCfg = Release|Any CPU
		{FD6DF014-C9B7-4DB6-B7DC-2495C795A8A2}.Release|x64.Build.0 = Release|Any CPU
		{FD6DF014-C9B7-4DB6-B7DC-2495C795A8A2}.Release|x86.ActiveCfg = Release|Any CPU
		{FD6DF014-C9B7-4DB6-B7DC-2495C795A8A2}.Release|x86.Build.0 = Release|Any CPU
		{ADC6F187-F65C-4BF0-88BF-4D31CB074562}.Debug|Any CPU.ActiveCfg = Debug|Any CPU
		{ADC6F187-F65C-4BF0-88BF-4D31CB074562}.Debug|Any CPU.Build.0 = Debug|Any CPU
		{ADC6F187-F65C-4BF0-88BF-4D31CB074562}.Debug|x64.ActiveCfg = Debug|Any CPU
		{ADC6F187-F65C-4BF0-88BF-4D31CB074562}.Debug|x64.Build.0 = Debug|Any CPU
		{ADC6F187-F65C-4BF0-88BF-4D31CB074562}.Debug|x86.ActiveCfg = Debug|Any CPU
		{ADC6F187-F65C-4BF0-88BF-4D31CB074562}.Debug|x86.Build.0 = Debug|Any CPU
		{ADC6F187-F65C-4BF0-88BF-4D31CB074562}.Release|Any CPU.ActiveCfg = Release|Any CPU
		{ADC6F187-F65C-4BF0-88BF-4D31CB074562}.Release|Any CPU.Build.0 = Release|Any CPU
		{ADC6F187-F65C-4BF0-88BF-4D31CB074562}.Release|x64.ActiveCfg = Release|Any CPU
		{ADC6F187-F65C-4BF0-88BF-4D31CB074562}.Release|x64.Build.0 = Release|Any CPU
		{ADC6F187-F65C-4BF0-88BF-4D31CB074562}.Release|x86.ActiveCfg = Release|Any CPU
		{ADC6F187-F65C-4BF0-88BF-4D31CB074562}.Release|x86.Build.0 = Release|Any CPU
		{01575828-E3DF-4301-8A69-A6C20B13285C}.Debug|Any CPU.ActiveCfg = Debug|Any CPU
		{01575828-E3DF-4301-8A69-A6C20B13285C}.Debug|Any CPU.Build.0 = Debug|Any CPU
		{01575828-E3DF-4301-8A69-A6C20B13285C}.Debug|x64.ActiveCfg = Debug|Any CPU
		{01575828-E3DF-4301-8A69-A6C20B13285C}.Debug|x64.Build.0 = Debug|Any CPU
		{01575828-E3DF-4301-8A69-A6C20B13285C}.Debug|x86.ActiveCfg = Debug|Any CPU
		{01575828-E3DF-4301-8A69-A6C20B13285C}.Debug|x86.Build.0 = Debug|Any CPU
		{01575828-E3DF-4301-8A69-A6C20B13285C}.Release|Any CPU.ActiveCfg = Release|Any CPU
		{01575828-E3DF-4301-8A69-A6C20B13285C}.Release|Any CPU.Build.0 = Release|Any CPU
		{01575828-E3DF-4301-8A69-A6C20B13285C}.Release|x64.ActiveCfg = Release|Any CPU
		{01575828-E3DF-4301-8A69-A6C20B13285C}.Release|x64.Build.0 = Release|Any CPU
		{01575828-E3DF-4301-8A69-A6C20B13285C}.Release|x86.ActiveCfg = Release|Any CPU
		{01575828-E3DF-4301-8A69-A6C20B13285C}.Release|x86.Build.0 = Release|Any CPU
	EndGlobalSection
	GlobalSection(NestedProjects) = preSolution
		{AB884BF8-C9F4-4765-820E-9BEAFE8B270D} = {BDDDBE4B-F854-499F-87E5-78915563F3EF}
		{B982EA1E-122C-402D-B681-2F2BE26EF64B} = {AB884BF8-C9F4-4765-820E-9BEAFE8B270D}
		{1A876B4D-E0A7-4912-914E-22A99AAD5E4C} = {AB884BF8-C9F4-4765-820E-9BEAFE8B270D}
		{890D6332-208F-480C-90AA-AD89D20363B1} = {BDDDBE4B-F854-499F-87E5-78915563F3EF}
		{FD6DF014-C9B7-4DB6-B7DC-2495C795A8A2} = {890D6332-208F-480C-90AA-AD89D20363B1}
		{ADC6F187-F65C-4BF0-88BF-4D31CB074562} = {890D6332-208F-480C-90AA-AD89D20363B1}
		{177E93B6-DA5F-4A04-AD7A-789B7974067A} = {BDDDBE4B-F854-499F-87E5-78915563F3EF}
		{01575828-E3DF-4301-8A69-A6C20B13285C} = {177E93B6-DA5F-4A04-AD7A-789B7974067A}
	EndGlobalSection
EndGlobal
